<?xml version="1.0" encoding="UTF-8"?>
<!DOCTYPE plist PUBLIC "-//Apple//DTD PLIST 1.0//EN" "http://www.apple.com/DTDs/PropertyList-1.0.dtd">
<plist version="1.0">
<dict>
	<key>archiveVersion</key>
	<string>1</string>
	<key>classes</key>
	<dict/>
	<key>objectVersion</key>
	<string>46</string>
	<key>objects</key>
	<dict>
		<key>0C7D104C59454A958D41BCE7</key>
		<dict>
			<key>includeInIndex</key>
			<string>1</string>
			<key>isa</key>
			<string>PBXFileReference</string>
			<key>lastKnownFileType</key>
			<string>text.xcconfig</string>
			<key>name</key>
			<string>Pods.xcconfig</string>
			<key>path</key>
			<string>Pods/Pods.xcconfig</string>
			<key>sourceTree</key>
			<string>&lt;group&gt;</string>
		</dict>
		<key>1405E86F1915685900367835</key>
		<dict>
			<key>fileEncoding</key>
			<string>4</string>
			<key>isa</key>
			<string>PBXFileReference</string>
			<key>lastKnownFileType</key>
			<string>sourcecode.c.h</string>
			<key>path</key>
			<string>GBAnnotation.h</string>
			<key>sourceTree</key>
			<string>&lt;group&gt;</string>
		</dict>
		<key>140A86C5185725C400948020</key>
		<dict>
			<key>isa</key>
			<string>PBXFileReference</string>
			<key>lastKnownFileType</key>
			<string>image.png</string>
			<key>path</key>
			<string>BroLaunchImage4inch.png</string>
			<key>sourceTree</key>
			<string>&lt;group&gt;</string>
		</dict>
		<key>140A86C6185725C400948020</key>
		<dict>
			<key>fileRef</key>
			<string>140A86C5185725C400948020</string>
			<key>isa</key>
			<string>PBXBuildFile</string>
		</dict>
		<key>141AF01617F53AD000E6B058</key>
		<dict>
			<key>children</key>
			<array>
				<string>141AF02817F53AD000E6B058</string>
				<string>141AF04A17F53AD100E6B058</string>
				<string>141AF02117F53AD000E6B058</string>
				<string>141AF02017F53AD000E6B058</string>
				<string>0C7D104C59454A958D41BCE7</string>
			</array>
			<key>isa</key>
			<string>PBXGroup</string>
			<key>sourceTree</key>
			<string>&lt;group&gt;</string>
		</dict>
		<key>141AF01717F53AD000E6B058</key>
		<dict>
			<key>attributes</key>
			<dict>
				<key>CLASSPREFIX</key>
				<string>GB</string>
				<key>LastUpgradeCheck</key>
				<string>0510</string>
				<key>ORGANIZATIONNAME</key>
				<string>Nyquist Labs</string>
				<key>TargetAttributes</key>
				<dict>
					<key>141AF01E17F53AD000E6B058</key>
					<dict>
						<key>DevelopmentTeam</key>
						<string>694F25S36K</string>
					</dict>
					<key>141AF04217F53AD000E6B058</key>
					<dict>
						<key>TestTargetID</key>
						<string>141AF01E17F53AD000E6B058</string>
					</dict>
				</dict>
			</dict>
			<key>buildConfigurationList</key>
			<string>141AF01A17F53AD000E6B058</string>
			<key>compatibilityVersion</key>
			<string>Xcode 3.2</string>
			<key>developmentRegion</key>
			<string>English</string>
			<key>hasScannedForEncodings</key>
			<string>0</string>
			<key>isa</key>
			<string>PBXProject</string>
			<key>knownRegions</key>
			<array>
				<string>en</string>
				<string>Base</string>
				<string>ar</string>
				<string>ca</string>
				<string>cs</string>
				<string>da</string>
				<string>de</string>
				<string>el</string>
				<string>en_GB</string>
				<string>es</string>
				<string>fi</string>
				<string>fr</string>
				<string>he</string>
				<string>hr</string>
				<string>hu</string>
				<string>id</string>
				<string>it</string>
				<string>ja</string>
				<string>ko</string>
				<string>ms</string>
				<string>nl</string>
				<string>no</string>
				<string>pl</string>
				<string>pt</string>
				<string>pt_PT</string>
				<string>ro</string>
				<string>ru</string>
				<string>sk</string>
				<string>sv</string>
				<string>th</string>
				<string>tr</string>
				<string>uk</string>
				<string>vi</string>
				<string>zh_CN</string>
				<string>zh_TW</string>
			</array>
			<key>mainGroup</key>
			<string>141AF01617F53AD000E6B058</string>
			<key>productRefGroup</key>
			<string>141AF02017F53AD000E6B058</string>
			<key>projectDirPath</key>
			<string></string>
			<key>projectReferences</key>
			<array/>
			<key>projectRoot</key>
			<string></string>
			<key>targets</key>
			<array>
				<string>141AF01E17F53AD000E6B058</string>
				<string>141AF04217F53AD000E6B058</string>
			</array>
		</dict>
		<key>141AF01A17F53AD000E6B058</key>
		<dict>
			<key>buildConfigurations</key>
			<array>
				<string>141AF05217F53AD100E6B058</string>
				<string>141AF05317F53AD100E6B058</string>
			</array>
			<key>defaultConfigurationIsVisible</key>
			<string>0</string>
			<key>defaultConfigurationName</key>
			<string>Release</string>
			<key>isa</key>
			<string>XCConfigurationList</string>
		</dict>
		<key>141AF01B17F53AD000E6B058</key>
		<dict>
			<key>buildActionMask</key>
			<string>2147483647</string>
			<key>files</key>
			<array>
				<string>14BC9B16191AD3AA0028CB4B</string>
				<string>14BC9B06191AC5D60028CB4B</string>
				<string>1496B93B1923F849000793E9</string>
				<string>142A75761887E26700B3F4AE</string>
				<string>141AF02F17F53AD000E6B058</string>
				<string>14BC9B19191AD3D30028CB4B</string>
				<string>142A75791887F7FA00B3F4AE</string>
				<string>147DF16B1917056B004855B2</string>
				<string>141AF03C17F53AD000E6B058</string>
				<string>1496B93C1923F849000793E9</string>
				<string>14F3BDD8191CD71B00F170BB</string>
				<string>14F3BDD5191CC73D00F170BB</string>
				<string>141AF03317F53AD000E6B058</string>
			</array>
			<key>isa</key>
			<string>PBXSourcesBuildPhase</string>
			<key>runOnlyForDeploymentPostprocessing</key>
			<string>0</string>
		</dict>
		<key>141AF01C17F53AD000E6B058</key>
		<dict>
			<key>buildActionMask</key>
			<string>2147483647</string>
			<key>files</key>
			<array>
				<string>142070AF1939F2AB00864AC9</string>
				<string>142070AD1939F29500864AC9</string>
				<string>142070A01939ED1E00864AC9</string>
				<string>142070A21939ED2500864AC9</string>
				<string>142070A31939ED2D00864AC9</string>
				<string>1473663817F5410B00F91B27</string>
				<string>144F69BF1920025A000F81F1</string>
				<string>142070A51939ED4C00864AC9</string>
				<string>144F69B0191F6D35000F81F1</string>
				<string>142070A71939ED5800864AC9</string>
				<string>142070A91939ED5E00864AC9</string>
				<string>1441567B18208B3700ABDED9</string>
				<string>142070AB1939EF4100864AC9</string>
				<string>144F69C419202FA6000F81F1</string>
				<string>144F69C519202FA6000F81F1</string>
				<string>144F69B8191F8991000F81F1</string>
				<string>144F69C119200261000F81F1</string>
				<string>1441567118208AE400ABDED9</string>
				<string>1420709E1939591000864AC9</string>
				<string>141AF02717F53AD000E6B058</string>
				<string>141AF02317F53AD000E6B058</string>
				<string>142070B11939F38700864AC9</string>
				<string>1441566F18208ADF00ABDED9</string>
				<string>1441566D18208ACB00ABDED9</string>
				<string>1441566B18208ABF00ABDED9</string>
				<string>1E390E7559414C28B972E98A</string>
			</array>
			<key>isa</key>
			<string>PBXFrameworksBuildPhase</string>
			<key>runOnlyForDeploymentPostprocessing</key>
			<string>0</string>
		</dict>
		<key>141AF01D17F53AD000E6B058</key>
		<dict>
			<key>buildActionMask</key>
			<string>2147483647</string>
			<key>files</key>
			<array>
				<string>142070B31939F6A300864AC9</string>
				<string>142070B21939F69C00864AC9</string>
				<string>141AF05D17F5404200E6B058</string>
				<string>1473665217F6049D00F91B27</string>
				<string>1473664E17F6049D00F91B27</string>
				<string>1473664D17F6049D00F91B27</string>
				<string>1473664A17F6049D00F91B27</string>
				<string>1473664F17F6049D00F91B27</string>
				<string>1473665A17F6049D00F91B27</string>
				<string>1473665317F6049D00F91B27</string>
				<string>1473665817F6049D00F91B27</string>
				<string>14E6BAC419C5758400D90EFF</string>
				<string>1473665717F6049D00F91B27</string>
				<string>1473665617F6049D00F91B27</string>
				<string>1473665117F6049D00F91B27</string>
				<string>1473664B17F6049D00F91B27</string>
				<string>1473665C17F6058B00F91B27</string>
				<string>141AF02D17F53AD000E6B058</string>
				<string>1473665917F6049D00F91B27</string>
				<string>1473665417F6049D00F91B27</string>
				<string>1473665017F6049D00F91B27</string>
				<string>1473665517F6049D00F91B27</string>
				<string>140A86C6185725C400948020</string>
				<string>1473664C17F6049D00F91B27</string>
				<string>1473665E17F60BE300F91B27</string>
			</array>
			<key>isa</key>
			<string>PBXResourcesBuildPhase</string>
			<key>runOnlyForDeploymentPostprocessing</key>
			<string>0</string>
		</dict>
		<key>141AF01E17F53AD000E6B058</key>
		<dict>
			<key>buildConfigurationList</key>
			<string>141AF05417F53AD100E6B058</string>
			<key>buildPhases</key>
			<array>
				<string>3316A7414F9E4A2EB4D882A8</string>
				<string>141AF01B17F53AD000E6B058</string>
				<string>141AF01C17F53AD000E6B058</string>
				<string>141AF01D17F53AD000E6B058</string>
				<string>7524189B56DD45EDAE4E8BDE</string>
			</array>
			<key>buildRules</key>
			<array/>
			<key>dependencies</key>
			<array/>
			<key>isa</key>
			<string>PBXNativeTarget</string>
			<key>name</key>
			<string>GasBro</string>
			<key>productName</key>
			<string>GasBro</string>
			<key>productReference</key>
			<string>141AF01F17F53AD000E6B058</string>
			<key>productType</key>
			<string>com.apple.product-type.application</string>
		</dict>
		<key>141AF01F17F53AD000E6B058</key>
		<dict>
			<key>explicitFileType</key>
			<string>wrapper.application</string>
			<key>includeInIndex</key>
			<string>0</string>
			<key>isa</key>
			<string>PBXFileReference</string>
			<key>path</key>
			<string>GasBro.app</string>
			<key>sourceTree</key>
			<string>BUILT_PRODUCTS_DIR</string>
		</dict>
		<key>141AF02017F53AD000E6B058</key>
		<dict>
			<key>children</key>
			<array>
				<string>141AF01F17F53AD000E6B058</string>
				<string>141AF04317F53AD000E6B058</string>
			</array>
			<key>isa</key>
			<string>PBXGroup</string>
			<key>name</key>
			<string>Products</string>
			<key>sourceTree</key>
			<string>&lt;group&gt;</string>
		</dict>
		<key>141AF02117F53AD000E6B058</key>
		<dict>
			<key>children</key>
			<array>
				<string>142070B01939F38700864AC9</string>
				<string>142070AE1939F2AB00864AC9</string>
				<string>142070AC1939F29500864AC9</string>
				<string>142070AA1939EF4100864AC9</string>
				<string>142070A81939ED5E00864AC9</string>
				<string>142070A61939ED5800864AC9</string>
				<string>142070A41939ED4C00864AC9</string>
				<string>142070A11939ED2500864AC9</string>
				<string>1420709F1939ED1E00864AC9</string>
				<string>1420709D1939591000864AC9</string>
				<string>144F69C219202FA6000F81F1</string>
				<string>144F69C319202FA6000F81F1</string>
				<string>144F69C019200261000F81F1</string>
				<string>1441568418208B9400ABDED9</string>
				<string>1441568218208B8A00ABDED9</string>
				<string>1441567E18208B7800ABDED9</string>
				<string>1441567F18208B7800ABDED9</string>
				<string>1441567C18208B6800ABDED9</string>
				<string>1441567A18208B3600ABDED9</string>
				<string>1441567818208B1A00ABDED9</string>
				<string>1441567618208B0900ABDED9</string>
				<string>1441567418208AFB00ABDED9</string>
				<string>1441567218208AF200ABDED9</string>
				<string>1441567018208AE400ABDED9</string>
				<string>1441566E18208ADF00ABDED9</string>
				<string>1441566C18208ACB00ABDED9</string>
				<string>1441566A18208ABF00ABDED9</string>
				<string>1473663717F5410B00F91B27</string>
				<string>141AF02217F53AD000E6B058</string>
				<string>141AF02417F53AD000E6B058</string>
				<string>141AF02617F53AD000E6B058</string>
				<string>141AF04417F53AD000E6B058</string>
				<string>EBBA088983CF416DA046EFB5</string>
			</array>
			<key>isa</key>
			<string>PBXGroup</string>
			<key>name</key>
			<string>Frameworks</string>
			<key>sourceTree</key>
			<string>&lt;group&gt;</string>
		</dict>
		<key>141AF02217F53AD000E6B058</key>
		<dict>
			<key>isa</key>
			<string>PBXFileReference</string>
			<key>lastKnownFileType</key>
			<string>wrapper.framework</string>
			<key>name</key>
			<string>Foundation.framework</string>
			<key>path</key>
			<string>System/Library/Frameworks/Foundation.framework</string>
			<key>sourceTree</key>
			<string>SDKROOT</string>
		</dict>
		<key>141AF02317F53AD000E6B058</key>
		<dict>
			<key>fileRef</key>
			<string>141AF02217F53AD000E6B058</string>
			<key>isa</key>
			<string>PBXBuildFile</string>
		</dict>
		<key>141AF02417F53AD000E6B058</key>
		<dict>
			<key>isa</key>
			<string>PBXFileReference</string>
			<key>lastKnownFileType</key>
			<string>wrapper.framework</string>
			<key>name</key>
			<string>CoreGraphics.framework</string>
			<key>path</key>
			<string>System/Library/Frameworks/CoreGraphics.framework</string>
			<key>sourceTree</key>
			<string>SDKROOT</string>
		</dict>
		<key>141AF02617F53AD000E6B058</key>
		<dict>
			<key>isa</key>
			<string>PBXFileReference</string>
			<key>lastKnownFileType</key>
			<string>wrapper.framework</string>
			<key>name</key>
			<string>UIKit.framework</string>
			<key>path</key>
			<string>System/Library/Frameworks/UIKit.framework</string>
			<key>sourceTree</key>
			<string>SDKROOT</string>
		</dict>
		<key>141AF02717F53AD000E6B058</key>
		<dict>
			<key>fileRef</key>
			<string>141AF02617F53AD000E6B058</string>
			<key>isa</key>
			<string>PBXBuildFile</string>
		</dict>
		<key>141AF02817F53AD000E6B058</key>
		<dict>
			<key>children</key>
			<array>
				<string>144F69B919200208000F81F1</string>
				<string>141AF03117F53AD000E6B058</string>
				<string>141AF03217F53AD000E6B058</string>
				<string>14F3BDD3191CC73D00F170BB</string>
				<string>14F3BDD4191CC73D00F170BB</string>
				<string>14F3BDD6191CD71B00F170BB</string>
				<string>14F3BDD7191CD71B00F170BB</string>
				<string>144F69BA19200228000F81F1</string>
				<string>144F69BB19200228000F81F1</string>
				<string>144F69BC19200228000F81F1</string>
				<string>144F69BD19200228000F81F1</string>
				<string>144F69BE19200228000F81F1</string>
				<string>141AF03717F53AD000E6B058</string>
				<string>141AF03417F53AD000E6B058</string>
				<string>141AF03A17F53AD000E6B058</string>
				<string>141AF03B17F53AD000E6B058</string>
				<string>142A75771887F7FA00B3F4AE</string>
				<string>142A75781887F7FA00B3F4AE</string>
				<string>142A75741887E26700B3F4AE</string>
				<string>142A75751887E26700B3F4AE</string>
				<string>147DF1691917056B004855B2</string>
				<string>147DF16A1917056B004855B2</string>
				<string>1405E86F1915685900367835</string>
				<string>14BC9B05191AC5D60028CB4B</string>
				<string>14BC9B14191AD3AA0028CB4B</string>
				<string>14BC9B15191AD3AA0028CB4B</string>
				<string>14BC9B17191AD3D30028CB4B</string>
				<string>14BC9B18191AD3D30028CB4B</string>
				<string>1496B9371923F849000793E9</string>
				<string>1496B9381923F849000793E9</string>
				<string>1496B9391923F849000793E9</string>
				<string>1496B93A1923F849000793E9</string>
				<string>1473665B17F6058B00F91B27</string>
				<string>144F69B4191F8991000F81F1</string>
				<string>141AF02917F53AD000E6B058</string>
			</array>
			<key>isa</key>
			<string>PBXGroup</string>
			<key>path</key>
			<string>GasBro</string>
			<key>sourceTree</key>
			<string>&lt;group&gt;</string>
		</dict>
		<key>141AF02917F53AD000E6B058</key>
		<dict>
			<key>children</key>
			<array>
				<string>140A86C5185725C400948020</string>
				<string>14E6BAC319C5758400D90EFF</string>
				<string>1473665D17F60BE300F91B27</string>
				<string>1473663917F6049D00F91B27</string>
				<string>1473663A17F6049D00F91B27</string>
				<string>1473663B17F6049D00F91B27</string>
				<string>1473663C17F6049D00F91B27</string>
				<string>1473663D17F6049D00F91B27</string>
				<string>1473663E17F6049D00F91B27</string>
				<string>1473663F17F6049D00F91B27</string>
				<string>1473664017F6049D00F91B27</string>
				<string>1473664117F6049D00F91B27</string>
				<string>1473664217F6049D00F91B27</string>
				<string>1473664317F6049D00F91B27</string>
				<string>1473664417F6049D00F91B27</string>
				<string>1473664517F6049D00F91B27</string>
				<string>1473664617F6049D00F91B27</string>
				<string>1473664717F6049D00F91B27</string>
				<string>1473664817F6049D00F91B27</string>
				<string>1473664917F6049D00F91B27</string>
				<string>141AF05C17F5404200E6B058</string>
				<string>141AF02A17F53AD000E6B058</string>
				<string>141AF02B17F53AD000E6B058</string>
				<string>141AF02E17F53AD000E6B058</string>
				<string>141AF03017F53AD000E6B058</string>
			</array>
			<key>isa</key>
			<string>PBXGroup</string>
			<key>name</key>
			<string>Supporting Files</string>
			<key>sourceTree</key>
			<string>&lt;group&gt;</string>
		</dict>
		<key>141AF02A17F53AD000E6B058</key>
		<dict>
			<key>isa</key>
			<string>PBXFileReference</string>
			<key>lastKnownFileType</key>
			<string>text.plist.xml</string>
			<key>path</key>
			<string>GasBro-Info.plist</string>
			<key>sourceTree</key>
			<string>&lt;group&gt;</string>
		</dict>
		<key>141AF02B17F53AD000E6B058</key>
		<dict>
			<key>children</key>
			<array>
				<string>141AF02C17F53AD000E6B058</string>
			</array>
			<key>isa</key>
			<string>PBXVariantGroup</string>
			<key>name</key>
			<string>InfoPlist.strings</string>
			<key>sourceTree</key>
			<string>&lt;group&gt;</string>
		</dict>
		<key>141AF02C17F53AD000E6B058</key>
		<dict>
			<key>isa</key>
			<string>PBXFileReference</string>
			<key>lastKnownFileType</key>
			<string>text.plist.strings</string>
			<key>name</key>
			<string>en</string>
			<key>path</key>
			<string>en.lproj/InfoPlist.strings</string>
			<key>sourceTree</key>
			<string>&lt;group&gt;</string>
		</dict>
		<key>141AF02D17F53AD000E6B058</key>
		<dict>
			<key>fileRef</key>
			<string>141AF02B17F53AD000E6B058</string>
			<key>isa</key>
			<string>PBXBuildFile</string>
		</dict>
		<key>141AF02E17F53AD000E6B058</key>
		<dict>
			<key>isa</key>
			<string>PBXFileReference</string>
			<key>lastKnownFileType</key>
			<string>sourcecode.c.objc</string>
			<key>path</key>
			<string>main.m</string>
			<key>sourceTree</key>
			<string>&lt;group&gt;</string>
		</dict>
		<key>141AF02F17F53AD000E6B058</key>
		<dict>
			<key>fileRef</key>
			<string>141AF02E17F53AD000E6B058</string>
			<key>isa</key>
			<string>PBXBuildFile</string>
		</dict>
		<key>141AF03017F53AD000E6B058</key>
		<dict>
			<key>isa</key>
			<string>PBXFileReference</string>
			<key>lastKnownFileType</key>
			<string>sourcecode.c.h</string>
			<key>path</key>
			<string>GasBro-Prefix.pch</string>
			<key>sourceTree</key>
			<string>&lt;group&gt;</string>
		</dict>
		<key>141AF03117F53AD000E6B058</key>
		<dict>
			<key>isa</key>
			<string>PBXFileReference</string>
			<key>lastKnownFileType</key>
			<string>sourcecode.c.h</string>
			<key>path</key>
			<string>GBAppDelegate.h</string>
			<key>sourceTree</key>
			<string>&lt;group&gt;</string>
		</dict>
		<key>141AF03217F53AD000E6B058</key>
		<dict>
			<key>isa</key>
			<string>PBXFileReference</string>
			<key>lastKnownFileType</key>
			<string>sourcecode.c.objc</string>
			<key>path</key>
			<string>GBAppDelegate.m</string>
			<key>sourceTree</key>
			<string>&lt;group&gt;</string>
		</dict>
		<key>141AF03317F53AD000E6B058</key>
		<dict>
			<key>fileRef</key>
			<string>141AF03217F53AD000E6B058</string>
			<key>isa</key>
			<string>PBXBuildFile</string>
		</dict>
		<key>141AF03417F53AD000E6B058</key>
		<dict>
			<key>children</key>
			<array>
				<string>141AF03517F53AD000E6B058</string>
			</array>
			<key>isa</key>
			<string>PBXVariantGroup</string>
			<key>name</key>
			<string>Main_iPhone.storyboard</string>
			<key>sourceTree</key>
			<string>&lt;group&gt;</string>
		</dict>
		<key>141AF03517F53AD000E6B058</key>
		<dict>
			<key>isa</key>
			<string>PBXFileReference</string>
			<key>lastKnownFileType</key>
			<string>file.storyboard</string>
			<key>name</key>
			<string>Base</string>
			<key>path</key>
			<string>Base.lproj/Main_iPhone.storyboard</string>
			<key>sourceTree</key>
			<string>&lt;group&gt;</string>
		</dict>
		<key>141AF03717F53AD000E6B058</key>
		<dict>
			<key>children</key>
			<array>
				<string>141AF03817F53AD000E6B058</string>
			</array>
			<key>isa</key>
			<string>PBXVariantGroup</string>
			<key>name</key>
			<string>Main_iPad.storyboard</string>
			<key>sourceTree</key>
			<string>&lt;group&gt;</string>
		</dict>
		<key>141AF03817F53AD000E6B058</key>
		<dict>
			<key>isa</key>
			<string>PBXFileReference</string>
			<key>lastKnownFileType</key>
			<string>file.storyboard</string>
			<key>name</key>
			<string>Base</string>
			<key>path</key>
			<string>Base.lproj/Main_iPad.storyboard</string>
			<key>sourceTree</key>
			<string>&lt;group&gt;</string>
		</dict>
		<key>141AF03A17F53AD000E6B058</key>
		<dict>
			<key>isa</key>
			<string>PBXFileReference</string>
			<key>lastKnownFileType</key>
			<string>sourcecode.c.h</string>
			<key>path</key>
			<string>GBViewController.h</string>
			<key>sourceTree</key>
			<string>&lt;group&gt;</string>
		</dict>
		<key>141AF03B17F53AD000E6B058</key>
		<dict>
			<key>isa</key>
			<string>PBXFileReference</string>
			<key>lastKnownFileType</key>
			<string>sourcecode.c.objc</string>
			<key>path</key>
			<string>GBViewController.m</string>
			<key>sourceTree</key>
			<string>&lt;group&gt;</string>
		</dict>
		<key>141AF03C17F53AD000E6B058</key>
		<dict>
			<key>fileRef</key>
			<string>141AF03B17F53AD000E6B058</string>
			<key>isa</key>
			<string>PBXBuildFile</string>
		</dict>
		<key>141AF03F17F53AD000E6B058</key>
		<dict>
			<key>buildActionMask</key>
			<string>2147483647</string>
			<key>files</key>
			<array>
				<string>141AF05117F53AD100E6B058</string>
			</array>
			<key>isa</key>
			<string>PBXSourcesBuildPhase</string>
			<key>runOnlyForDeploymentPostprocessing</key>
			<string>0</string>
		</dict>
		<key>141AF04017F53AD000E6B058</key>
		<dict>
			<key>buildActionMask</key>
			<string>2147483647</string>
			<key>files</key>
			<array>
				<string>141AF04517F53AD000E6B058</string>
				<string>141AF04717F53AD000E6B058</string>
				<string>141AF04617F53AD000E6B058</string>
			</array>
			<key>isa</key>
			<string>PBXFrameworksBuildPhase</string>
			<key>runOnlyForDeploymentPostprocessing</key>
			<string>0</string>
		</dict>
		<key>141AF04117F53AD000E6B058</key>
		<dict>
			<key>buildActionMask</key>
			<string>2147483647</string>
			<key>files</key>
			<array>
				<string>141AF04F17F53AD100E6B058</string>
			</array>
			<key>isa</key>
			<string>PBXResourcesBuildPhase</string>
			<key>runOnlyForDeploymentPostprocessing</key>
			<string>0</string>
		</dict>
		<key>141AF04217F53AD000E6B058</key>
		<dict>
			<key>buildConfigurationList</key>
			<string>141AF05717F53AD100E6B058</string>
			<key>buildPhases</key>
			<array>
				<string>141AF03F17F53AD000E6B058</string>
				<string>141AF04017F53AD000E6B058</string>
				<string>141AF04117F53AD000E6B058</string>
			</array>
			<key>buildRules</key>
			<array/>
			<key>dependencies</key>
			<array>
				<string>141AF04917F53AD100E6B058</string>
			</array>
			<key>isa</key>
			<string>PBXNativeTarget</string>
			<key>name</key>
			<string>GasBroTests</string>
			<key>productName</key>
			<string>GasBroTests</string>
			<key>productReference</key>
			<string>141AF04317F53AD000E6B058</string>
			<key>productType</key>
			<string>com.apple.product-type.bundle.unit-test</string>
		</dict>
		<key>141AF04317F53AD000E6B058</key>
		<dict>
			<key>explicitFileType</key>
			<string>wrapper.cfbundle</string>
			<key>includeInIndex</key>
			<string>0</string>
			<key>isa</key>
			<string>PBXFileReference</string>
			<key>path</key>
			<string>GasBroTests.xctest</string>
			<key>sourceTree</key>
			<string>BUILT_PRODUCTS_DIR</string>
		</dict>
		<key>141AF04417F53AD000E6B058</key>
		<dict>
			<key>isa</key>
			<string>PBXFileReference</string>
			<key>lastKnownFileType</key>
			<string>wrapper.framework</string>
			<key>name</key>
			<string>XCTest.framework</string>
			<key>path</key>
			<string>Library/Frameworks/XCTest.framework</string>
			<key>sourceTree</key>
			<string>DEVELOPER_DIR</string>
		</dict>
		<key>141AF04517F53AD000E6B058</key>
		<dict>
			<key>fileRef</key>
			<string>141AF04417F53AD000E6B058</string>
			<key>isa</key>
			<string>PBXBuildFile</string>
		</dict>
		<key>141AF04617F53AD000E6B058</key>
		<dict>
			<key>fileRef</key>
			<string>141AF02217F53AD000E6B058</string>
			<key>isa</key>
			<string>PBXBuildFile</string>
		</dict>
		<key>141AF04717F53AD000E6B058</key>
		<dict>
			<key>fileRef</key>
			<string>141AF02617F53AD000E6B058</string>
			<key>isa</key>
			<string>PBXBuildFile</string>
		</dict>
		<key>141AF04817F53AD100E6B058</key>
		<dict>
			<key>containerPortal</key>
			<string>141AF01717F53AD000E6B058</string>
			<key>isa</key>
			<string>PBXContainerItemProxy</string>
			<key>proxyType</key>
			<string>1</string>
			<key>remoteGlobalIDString</key>
			<string>141AF01E17F53AD000E6B058</string>
			<key>remoteInfo</key>
			<string>GasBro</string>
		</dict>
		<key>141AF04917F53AD100E6B058</key>
		<dict>
			<key>isa</key>
			<string>PBXTargetDependency</string>
			<key>target</key>
			<string>141AF01E17F53AD000E6B058</string>
			<key>targetProxy</key>
			<string>141AF04817F53AD100E6B058</string>
		</dict>
		<key>141AF04A17F53AD100E6B058</key>
		<dict>
			<key>children</key>
			<array>
				<string>141AF05017F53AD100E6B058</string>
				<string>141AF04B17F53AD100E6B058</string>
			</array>
			<key>isa</key>
			<string>PBXGroup</string>
			<key>path</key>
			<string>GasBroTests</string>
			<key>sourceTree</key>
			<string>&lt;group&gt;</string>
		</dict>
		<key>141AF04B17F53AD100E6B058</key>
		<dict>
			<key>children</key>
			<array>
				<string>141AF04C17F53AD100E6B058</string>
				<string>141AF04D17F53AD100E6B058</string>
			</array>
			<key>isa</key>
			<string>PBXGroup</string>
			<key>name</key>
			<string>Supporting Files</string>
			<key>sourceTree</key>
			<string>&lt;group&gt;</string>
		</dict>
		<key>141AF04C17F53AD100E6B058</key>
		<dict>
			<key>isa</key>
			<string>PBXFileReference</string>
			<key>lastKnownFileType</key>
			<string>text.plist.xml</string>
			<key>path</key>
			<string>GasBroTests-Info.plist</string>
			<key>sourceTree</key>
			<string>&lt;group&gt;</string>
		</dict>
		<key>141AF04D17F53AD100E6B058</key>
		<dict>
			<key>children</key>
			<array>
				<string>141AF04E17F53AD100E6B058</string>
			</array>
			<key>isa</key>
			<string>PBXVariantGroup</string>
			<key>name</key>
			<string>InfoPlist.strings</string>
			<key>sourceTree</key>
			<string>&lt;group&gt;</string>
		</dict>
		<key>141AF04E17F53AD100E6B058</key>
		<dict>
			<key>isa</key>
			<string>PBXFileReference</string>
			<key>lastKnownFileType</key>
			<string>text.plist.strings</string>
			<key>name</key>
			<string>en</string>
			<key>path</key>
			<string>en.lproj/InfoPlist.strings</string>
			<key>sourceTree</key>
			<string>&lt;group&gt;</string>
		</dict>
		<key>141AF04F17F53AD100E6B058</key>
		<dict>
			<key>fileRef</key>
			<string>141AF04D17F53AD100E6B058</string>
			<key>isa</key>
			<string>PBXBuildFile</string>
		</dict>
		<key>141AF05017F53AD100E6B058</key>
		<dict>
			<key>isa</key>
			<string>PBXFileReference</string>
			<key>lastKnownFileType</key>
			<string>sourcecode.c.objc</string>
			<key>path</key>
			<string>GasBroTests.m</string>
			<key>sourceTree</key>
			<string>&lt;group&gt;</string>
		</dict>
		<key>141AF05117F53AD100E6B058</key>
		<dict>
			<key>fileRef</key>
			<string>141AF05017F53AD100E6B058</string>
			<key>isa</key>
			<string>PBXBuildFile</string>
		</dict>
		<key>141AF05217F53AD100E6B058</key>
		<dict>
			<key>buildSettings</key>
			<dict>
				<key>ALWAYS_SEARCH_USER_PATHS</key>
				<string>NO</string>
				<key>CLANG_CXX_LANGUAGE_STANDARD</key>
				<string>gnu++0x</string>
				<key>CLANG_CXX_LIBRARY</key>
				<string>libc++</string>
				<key>CLANG_ENABLE_MODULES</key>
				<string>YES</string>
				<key>CLANG_ENABLE_OBJC_ARC</key>
				<string>YES</string>
				<key>CLANG_WARN_BOOL_CONVERSION</key>
				<string>YES</string>
				<key>CLANG_WARN_CONSTANT_CONVERSION</key>
				<string>YES</string>
				<key>CLANG_WARN_DIRECT_OBJC_ISA_USAGE</key>
				<string>YES_ERROR</string>
				<key>CLANG_WARN_EMPTY_BODY</key>
				<string>YES</string>
				<key>CLANG_WARN_ENUM_CONVERSION</key>
				<string>YES</string>
				<key>CLANG_WARN_INT_CONVERSION</key>
				<string>YES</string>
				<key>CLANG_WARN_OBJC_ROOT_CLASS</key>
				<string>YES_ERROR</string>
				<key>CLANG_WARN__DUPLICATE_METHOD_MATCH</key>
				<string>YES</string>
				<key>CODE_SIGN_IDENTITY[sdk=iphoneos*]</key>
				<string>iPhone Developer</string>
				<key>COPY_PHASE_STRIP</key>
				<string>NO</string>
				<key>GCC_C_LANGUAGE_STANDARD</key>
				<string>gnu99</string>
				<key>GCC_DYNAMIC_NO_PIC</key>
				<string>NO</string>
				<key>GCC_OPTIMIZATION_LEVEL</key>
				<string>0</string>
				<key>GCC_PREPROCESSOR_DEFINITIONS</key>
				<array>
					<string>DEBUG=1</string>
					<string>$(inherited)</string>
				</array>
				<key>GCC_SYMBOLS_PRIVATE_EXTERN</key>
				<string>NO</string>
				<key>GCC_WARN_64_TO_32_BIT_CONVERSION</key>
				<string>YES</string>
				<key>GCC_WARN_ABOUT_RETURN_TYPE</key>
				<string>YES_ERROR</string>
				<key>GCC_WARN_UNDECLARED_SELECTOR</key>
				<string>YES</string>
				<key>GCC_WARN_UNINITIALIZED_AUTOS</key>
				<string>YES</string>
				<key>GCC_WARN_UNUSED_FUNCTION</key>
				<string>YES</string>
				<key>GCC_WARN_UNUSED_VARIABLE</key>
				<string>YES</string>
				<key>IPHONEOS_DEPLOYMENT_TARGET</key>
				<string>6.1</string>
				<key>ONLY_ACTIVE_ARCH</key>
				<string>YES</string>
				<key>SDKROOT</key>
				<string>iphoneos</string>
				<key>TARGETED_DEVICE_FAMILY</key>
				<string>1,2</string>
			</dict>
			<key>isa</key>
			<string>XCBuildConfiguration</string>
			<key>name</key>
			<string>Debug</string>
		</dict>
		<key>141AF05317F53AD100E6B058</key>
		<dict>
			<key>buildSettings</key>
			<dict>
				<key>ALWAYS_SEARCH_USER_PATHS</key>
				<string>NO</string>
				<key>CLANG_CXX_LANGUAGE_STANDARD</key>
				<string>gnu++0x</string>
				<key>CLANG_CXX_LIBRARY</key>
				<string>libc++</string>
				<key>CLANG_ENABLE_MODULES</key>
				<string>YES</string>
				<key>CLANG_ENABLE_OBJC_ARC</key>
				<string>YES</string>
				<key>CLANG_WARN_BOOL_CONVERSION</key>
				<string>YES</string>
				<key>CLANG_WARN_CONSTANT_CONVERSION</key>
				<string>YES</string>
				<key>CLANG_WARN_DIRECT_OBJC_ISA_USAGE</key>
				<string>YES_ERROR</string>
				<key>CLANG_WARN_EMPTY_BODY</key>
				<string>YES</string>
				<key>CLANG_WARN_ENUM_CONVERSION</key>
				<string>YES</string>
				<key>CLANG_WARN_INT_CONVERSION</key>
				<string>YES</string>
				<key>CLANG_WARN_OBJC_ROOT_CLASS</key>
				<string>YES_ERROR</string>
				<key>CLANG_WARN__DUPLICATE_METHOD_MATCH</key>
				<string>YES</string>
				<key>CODE_SIGN_IDENTITY[sdk=iphoneos*]</key>
				<string>iPhone Developer</string>
				<key>COPY_PHASE_STRIP</key>
				<string>YES</string>
				<key>ENABLE_NS_ASSERTIONS</key>
				<string>NO</string>
				<key>GCC_C_LANGUAGE_STANDARD</key>
				<string>gnu99</string>
				<key>GCC_WARN_64_TO_32_BIT_CONVERSION</key>
				<string>YES</string>
				<key>GCC_WARN_ABOUT_RETURN_TYPE</key>
				<string>YES_ERROR</string>
				<key>GCC_WARN_UNDECLARED_SELECTOR</key>
				<string>YES</string>
				<key>GCC_WARN_UNINITIALIZED_AUTOS</key>
				<string>YES</string>
				<key>GCC_WARN_UNUSED_FUNCTION</key>
				<string>YES</string>
				<key>GCC_WARN_UNUSED_VARIABLE</key>
				<string>YES</string>
				<key>IPHONEOS_DEPLOYMENT_TARGET</key>
				<string>6.1</string>
				<key>SDKROOT</key>
				<string>iphoneos</string>
				<key>TARGETED_DEVICE_FAMILY</key>
				<string>1,2</string>
				<key>VALIDATE_PRODUCT</key>
				<string>YES</string>
			</dict>
			<key>isa</key>
			<string>XCBuildConfiguration</string>
			<key>name</key>
			<string>Release</string>
		</dict>
		<key>141AF05417F53AD100E6B058</key>
		<dict>
			<key>buildConfigurations</key>
			<array>
				<string>141AF05517F53AD100E6B058</string>
				<string>141AF05617F53AD100E6B058</string>
			</array>
			<key>defaultConfigurationIsVisible</key>
			<string>0</string>
			<key>defaultConfigurationName</key>
			<string>Release</string>
			<key>isa</key>
			<string>XCConfigurationList</string>
		</dict>
		<key>141AF05517F53AD100E6B058</key>
		<dict>
			<key>baseConfigurationReference</key>
			<string>0C7D104C59454A958D41BCE7</string>
			<key>buildSettings</key>
			<dict>
				<key>ASSETCATALOG_COMPILER_APPICON_NAME</key>
				<string>AppIcon</string>
				<key>ASSETCATALOG_COMPILER_LAUNCHIMAGE_NAME</key>
				<string>LaunchImage</string>
				<key>CODE_SIGN_IDENTITY</key>
				<string>iPhone Developer</string>
				<key>CODE_SIGN_IDENTITY[sdk=iphoneos*]</key>
				<string>iPhone Developer</string>
				<key>FRAMEWORK_SEARCH_PATHS</key>
				<array>
					<string>$(inherited)</string>
					<string>$(PROJECT_DIR)</string>
				</array>
				<key>GCC_PRECOMPILE_PREFIX_HEADER</key>
				<string>YES</string>
				<key>GCC_PREFIX_HEADER</key>
				<string>GasBro/GasBro-Prefix.pch</string>
				<key>INFOPLIST_FILE</key>
				<string>GasBro/GasBro-Info.plist</string>
				<key>IPHONEOS_DEPLOYMENT_TARGET</key>
				<string>7.0</string>
				<key>LIBRARY_SEARCH_PATHS</key>
				<array>
					<string>$(inherited)</string>
					<string>$(PROJECT_DIR)/GasBro</string>
				</array>
				<key>OTHER_LDFLAGS</key>
				<string>-ObjC</string>
				<key>PRODUCT_NAME</key>
				<string>$(TARGET_NAME)</string>
				<key>PROVISIONING_PROFILE</key>
				<string></string>
				<key>TARGETED_DEVICE_FAMILY</key>
				<string>1</string>
				<key>WRAPPER_EXTENSION</key>
				<string>app</string>
			</dict>
			<key>isa</key>
			<string>XCBuildConfiguration</string>
			<key>name</key>
			<string>Debug</string>
		</dict>
		<key>141AF05617F53AD100E6B058</key>
		<dict>
			<key>baseConfigurationReference</key>
			<string>0C7D104C59454A958D41BCE7</string>
			<key>buildSettings</key>
			<dict>
				<key>ASSETCATALOG_COMPILER_APPICON_NAME</key>
				<string>AppIcon</string>
				<key>ASSETCATALOG_COMPILER_LAUNCHIMAGE_NAME</key>
				<string>LaunchImage</string>
				<key>CODE_SIGN_IDENTITY</key>
				<string>iPhone Developer</string>
				<key>CODE_SIGN_IDENTITY[sdk=iphoneos*]</key>
				<string>iPhone Developer</string>
				<key>FRAMEWORK_SEARCH_PATHS</key>
				<array>
					<string>$(inherited)</string>
					<string>$(PROJECT_DIR)</string>
				</array>
				<key>GCC_PRECOMPILE_PREFIX_HEADER</key>
				<string>YES</string>
				<key>GCC_PREFIX_HEADER</key>
				<string>GasBro/GasBro-Prefix.pch</string>
				<key>INFOPLIST_FILE</key>
				<string>GasBro/GasBro-Info.plist</string>
				<key>IPHONEOS_DEPLOYMENT_TARGET</key>
				<string>7.0</string>
				<key>LIBRARY_SEARCH_PATHS</key>
				<array>
					<string>$(inherited)</string>
					<string>$(PROJECT_DIR)/GasBro</string>
				</array>
				<key>OTHER_LDFLAGS</key>
				<string>-ObjC</string>
				<key>PRODUCT_NAME</key>
				<string>$(TARGET_NAME)</string>
				<key>PROVISIONING_PROFILE</key>
				<string></string>
				<key>TARGETED_DEVICE_FAMILY</key>
				<string>1</string>
				<key>WRAPPER_EXTENSION</key>
				<string>app</string>
			</dict>
			<key>isa</key>
			<string>XCBuildConfiguration</string>
			<key>name</key>
			<string>Release</string>
		</dict>
		<key>141AF05717F53AD100E6B058</key>
		<dict>
			<key>buildConfigurations</key>
			<array>
				<string>141AF05817F53AD100E6B058</string>
				<string>141AF05917F53AD100E6B058</string>
			</array>
			<key>defaultConfigurationIsVisible</key>
			<string>0</string>
			<key>defaultConfigurationName</key>
			<string>Release</string>
			<key>isa</key>
			<string>XCConfigurationList</string>
		</dict>
		<key>141AF05817F53AD100E6B058</key>
		<dict>
			<key>buildSettings</key>
			<dict>
				<key>BUNDLE_LOADER</key>
				<string>$(BUILT_PRODUCTS_DIR)/GasBro.app/GasBro</string>
				<key>FRAMEWORK_SEARCH_PATHS</key>
				<array>
					<string>$(SDKROOT)/Developer/Library/Frameworks</string>
					<string>$(inherited)</string>
					<string>$(DEVELOPER_FRAMEWORKS_DIR)</string>
					<string>/Users/Sean/Documents/iOS/iOS7/GasBro</string>
					<string>/Users/Sean/Documents/iOS/iOS7/GasBro/GasBro</string>
				</array>
				<key>GCC_PRECOMPILE_PREFIX_HEADER</key>
				<string>YES</string>
				<key>GCC_PREFIX_HEADER</key>
				<string>GasBro/GasBro-Prefix.pch</string>
				<key>GCC_PREPROCESSOR_DEFINITIONS</key>
				<array>
					<string>DEBUG=1</string>
					<string>$(inherited)</string>
				</array>
				<key>INFOPLIST_FILE</key>
				<string>GasBroTests/GasBroTests-Info.plist</string>
				<key>PRODUCT_NAME</key>
				<string>$(TARGET_NAME)</string>
				<key>TEST_HOST</key>
				<string>$(BUNDLE_LOADER)</string>
				<key>WRAPPER_EXTENSION</key>
				<string>xctest</string>
			</dict>
			<key>isa</key>
			<string>XCBuildConfiguration</string>
			<key>name</key>
			<string>Debug</string>
		</dict>
		<key>141AF05917F53AD100E6B058</key>
		<dict>
			<key>buildSettings</key>
			<dict>
				<key>BUNDLE_LOADER</key>
				<string>$(BUILT_PRODUCTS_DIR)/GasBro.app/GasBro</string>
				<key>FRAMEWORK_SEARCH_PATHS</key>
				<array>
					<string>$(SDKROOT)/Developer/Library/Frameworks</string>
					<string>$(inherited)</string>
					<string>$(DEVELOPER_FRAMEWORKS_DIR)</string>
					<string>/Users/Sean/Documents/iOS/iOS7/GasBro</string>
					<string>/Users/Sean/Documents/iOS/iOS7/GasBro/GasBro</string>
				</array>
				<key>GCC_PRECOMPILE_PREFIX_HEADER</key>
				<string>YES</string>
				<key>GCC_PREFIX_HEADER</key>
				<string>GasBro/GasBro-Prefix.pch</string>
				<key>INFOPLIST_FILE</key>
				<string>GasBroTests/GasBroTests-Info.plist</string>
				<key>PRODUCT_NAME</key>
				<string>$(TARGET_NAME)</string>
				<key>TEST_HOST</key>
				<string>$(BUNDLE_LOADER)</string>
				<key>WRAPPER_EXTENSION</key>
				<string>xctest</string>
			</dict>
			<key>isa</key>
			<string>XCBuildConfiguration</string>
			<key>name</key>
			<string>Release</string>
		</dict>
		<key>141AF05C17F5404200E6B058</key>
		<dict>
			<key>isa</key>
			<string>PBXFileReference</string>
			<key>lastKnownFileType</key>
			<string>image.jpeg</string>
			<key>path</key>
			<string>current.jpg</string>
			<key>sourceTree</key>
			<string>&lt;group&gt;</string>
		</dict>
		<key>141AF05D17F5404200E6B058</key>
		<dict>
			<key>fileRef</key>
			<string>141AF05C17F5404200E6B058</string>
			<key>isa</key>
			<string>PBXBuildFile</string>
		</dict>
		<key>1420709D1939591000864AC9</key>
		<dict>
			<key>isa</key>
			<string>PBXFileReference</string>
			<key>lastKnownFileType</key>
			<string>wrapper.framework</string>
			<key>path</key>
			<string>Parse.framework</string>
			<key>sourceTree</key>
			<string>&lt;group&gt;</string>
		</dict>
		<key>1420709E1939591000864AC9</key>
		<dict>
			<key>fileRef</key>
			<string>1420709D1939591000864AC9</string>
			<key>isa</key>
			<string>PBXBuildFile</string>
		</dict>
		<key>1420709F1939ED1E00864AC9</key>
		<dict>
			<key>isa</key>
			<string>PBXFileReference</string>
			<key>lastKnownFileType</key>
			<string>wrapper.framework</string>
			<key>name</key>
			<string>AudioToolbox.framework</string>
			<key>path</key>
			<string>System/Library/Frameworks/AudioToolbox.framework</string>
			<key>sourceTree</key>
			<string>SDKROOT</string>
		</dict>
		<key>142070A01939ED1E00864AC9</key>
		<dict>
			<key>fileRef</key>
			<string>1420709F1939ED1E00864AC9</string>
			<key>isa</key>
			<string>PBXBuildFile</string>
		</dict>
		<key>142070A11939ED2500864AC9</key>
		<dict>
			<key>isa</key>
			<string>PBXFileReference</string>
			<key>lastKnownFileType</key>
			<string>wrapper.framework</string>
			<key>name</key>
			<string>CFNetwork.framework</string>
			<key>path</key>
			<string>System/Library/Frameworks/CFNetwork.framework</string>
			<key>sourceTree</key>
			<string>SDKROOT</string>
		</dict>
		<key>142070A21939ED2500864AC9</key>
		<dict>
			<key>fileRef</key>
			<string>142070A11939ED2500864AC9</string>
			<key>isa</key>
			<string>PBXBuildFile</string>
		</dict>
		<key>142070A31939ED2D00864AC9</key>
		<dict>
			<key>fileRef</key>
			<string>141AF02417F53AD000E6B058</string>
			<key>isa</key>
			<string>PBXBuildFile</string>
		</dict>
		<key>142070A41939ED4C00864AC9</key>
		<dict>
			<key>isa</key>
			<string>PBXFileReference</string>
			<key>lastKnownFileType</key>
			<string>wrapper.framework</string>
			<key>name</key>
			<string>MobileCoreServices.framework</string>
			<key>path</key>
			<string>System/Library/Frameworks/MobileCoreServices.framework</string>
			<key>sourceTree</key>
			<string>SDKROOT</string>
		</dict>
		<key>142070A51939ED4C00864AC9</key>
		<dict>
			<key>fileRef</key>
			<string>142070A41939ED4C00864AC9</string>
			<key>isa</key>
			<string>PBXBuildFile</string>
		</dict>
		<key>142070A61939ED5800864AC9</key>
		<dict>
			<key>isa</key>
			<string>PBXFileReference</string>
			<key>lastKnownFileType</key>
			<string>wrapper.framework</string>
			<key>name</key>
			<string>Security.framework</string>
			<key>path</key>
			<string>System/Library/Frameworks/Security.framework</string>
			<key>sourceTree</key>
			<string>SDKROOT</string>
		</dict>
		<key>142070A71939ED5800864AC9</key>
		<dict>
			<key>fileRef</key>
			<string>142070A61939ED5800864AC9</string>
			<key>isa</key>
			<string>PBXBuildFile</string>
		</dict>
		<key>142070A81939ED5E00864AC9</key>
		<dict>
			<key>isa</key>
			<string>PBXFileReference</string>
			<key>lastKnownFileType</key>
			<string>wrapper.framework</string>
			<key>name</key>
			<string>StoreKit.framework</string>
			<key>path</key>
			<string>System/Library/Frameworks/StoreKit.framework</string>
			<key>sourceTree</key>
			<string>SDKROOT</string>
		</dict>
		<key>142070A91939ED5E00864AC9</key>
		<dict>
			<key>fileRef</key>
			<string>142070A81939ED5E00864AC9</string>
			<key>isa</key>
			<string>PBXBuildFile</string>
		</dict>
		<key>142070AA1939EF4100864AC9</key>
		<dict>
			<key>isa</key>
			<string>PBXFileReference</string>
			<key>lastKnownFileType</key>
			<string>wrapper.framework</string>
			<key>name</key>
			<string>Twitter.framework</string>
			<key>path</key>
			<string>System/Library/Frameworks/Twitter.framework</string>
			<key>sourceTree</key>
			<string>SDKROOT</string>
		</dict>
		<key>142070AB1939EF4100864AC9</key>
		<dict>
			<key>fileRef</key>
			<string>142070AA1939EF4100864AC9</string>
			<key>isa</key>
			<string>PBXBuildFile</string>
		</dict>
		<key>142070AC1939F29500864AC9</key>
		<dict>
			<key>isa</key>
			<string>PBXFileReference</string>
			<key>lastKnownFileType</key>
			<string>wrapper.framework</string>
			<key>name</key>
			<string>Social.framework</string>
			<key>path</key>
			<string>System/Library/Frameworks/Social.framework</string>
			<key>sourceTree</key>
			<string>SDKROOT</string>
		</dict>
		<key>142070AD1939F29500864AC9</key>
		<dict>
			<key>fileRef</key>
			<string>142070AC1939F29500864AC9</string>
			<key>isa</key>
			<string>PBXBuildFile</string>
		</dict>
		<key>142070AE1939F2AB00864AC9</key>
		<dict>
			<key>isa</key>
			<string>PBXFileReference</string>
			<key>lastKnownFileType</key>
			<string>wrapper.framework</string>
			<key>name</key>
			<string>Accounts.framework</string>
			<key>path</key>
			<string>System/Library/Frameworks/Accounts.framework</string>
			<key>sourceTree</key>
			<string>SDKROOT</string>
		</dict>
		<key>142070AF1939F2AB00864AC9</key>
		<dict>
			<key>fileRef</key>
			<string>142070AE1939F2AB00864AC9</string>
			<key>isa</key>
			<string>PBXBuildFile</string>
		</dict>
		<key>142070B01939F38700864AC9</key>
		<dict>
			<key>isa</key>
			<string>PBXFileReference</string>
			<key>lastKnownFileType</key>
			<string>wrapper.framework</string>
			<key>path</key>
			<string>FacebookSDK.framework</string>
			<key>sourceTree</key>
			<string>&lt;group&gt;</string>
		</dict>
		<key>142070B11939F38700864AC9</key>
		<dict>
			<key>fileRef</key>
			<string>142070B01939F38700864AC9</string>
			<key>isa</key>
			<string>PBXBuildFile</string>
		</dict>
		<key>142070B21939F69C00864AC9</key>
		<dict>
			<key>fileRef</key>
			<string>141AF03417F53AD000E6B058</string>
			<key>isa</key>
			<string>PBXBuildFile</string>
		</dict>
		<key>142070B31939F6A300864AC9</key>
		<dict>
			<key>fileRef</key>
			<string>141AF03717F53AD000E6B058</string>
			<key>isa</key>
			<string>PBXBuildFile</string>
		</dict>
		<key>142A75741887E26700B3F4AE</key>
		<dict>
			<key>fileEncoding</key>
			<string>4</string>
			<key>isa</key>
			<string>PBXFileReference</string>
			<key>lastKnownFileType</key>
			<string>sourcecode.c.h</string>
			<key>path</key>
			<string>GBInfoViewController.h</string>
			<key>sourceTree</key>
			<string>&lt;group&gt;</string>
		</dict>
		<key>142A75751887E26700B3F4AE</key>
		<dict>
			<key>fileEncoding</key>
			<string>4</string>
			<key>isa</key>
			<string>PBXFileReference</string>
			<key>lastKnownFileType</key>
			<string>sourcecode.c.objc</string>
			<key>path</key>
			<string>GBInfoViewController.m</string>
			<key>sourceTree</key>
			<string>&lt;group&gt;</string>
		</dict>
		<key>142A75761887E26700B3F4AE</key>
		<dict>
			<key>fileRef</key>
			<string>142A75751887E26700B3F4AE</string>
			<key>isa</key>
			<string>PBXBuildFile</string>
		</dict>
		<key>142A75771887F7FA00B3F4AE</key>
		<dict>
			<key>fileEncoding</key>
			<string>4</string>
			<key>isa</key>
			<string>PBXFileReference</string>
			<key>lastKnownFileType</key>
			<string>sourcecode.c.h</string>
			<key>path</key>
			<string>GBGasLabel.h</string>
			<key>sourceTree</key>
			<string>&lt;group&gt;</string>
		</dict>
		<key>142A75781887F7FA00B3F4AE</key>
		<dict>
			<key>fileEncoding</key>
			<string>4</string>
			<key>isa</key>
			<string>PBXFileReference</string>
			<key>lastKnownFileType</key>
			<string>sourcecode.c.objc</string>
			<key>path</key>
			<string>GBGasLabel.m</string>
			<key>sourceTree</key>
			<string>&lt;group&gt;</string>
		</dict>
		<key>142A75791887F7FA00B3F4AE</key>
		<dict>
			<key>fileRef</key>
			<string>142A75781887F7FA00B3F4AE</string>
			<key>isa</key>
			<string>PBXBuildFile</string>
		</dict>
		<key>1441566A18208ABF00ABDED9</key>
		<dict>
			<key>isa</key>
			<string>PBXFileReference</string>
			<key>lastKnownFileType</key>
			<string>wrapper.framework</string>
			<key>name</key>
			<string>MapKit.framework</string>
			<key>path</key>
			<string>System/Library/Frameworks/MapKit.framework</string>
			<key>sourceTree</key>
			<string>SDKROOT</string>
		</dict>
		<key>1441566B18208ABF00ABDED9</key>
		<dict>
			<key>fileRef</key>
			<string>1441566A18208ABF00ABDED9</string>
			<key>isa</key>
			<string>PBXBuildFile</string>
		</dict>
		<key>1441566C18208ACB00ABDED9</key>
		<dict>
			<key>isa</key>
			<string>PBXFileReference</string>
			<key>lastKnownFileType</key>
			<string>wrapper.framework</string>
			<key>name</key>
			<string>AVFoundation.framework</string>
			<key>path</key>
			<string>System/Library/Frameworks/AVFoundation.framework</string>
			<key>sourceTree</key>
			<string>SDKROOT</string>
		</dict>
		<key>1441566D18208ACB00ABDED9</key>
		<dict>
			<key>fileRef</key>
			<string>1441566C18208ACB00ABDED9</string>
			<key>isa</key>
			<string>PBXBuildFile</string>
		</dict>
		<key>1441566E18208ADF00ABDED9</key>
		<dict>
			<key>isa</key>
			<string>PBXFileReference</string>
			<key>lastKnownFileType</key>
			<string>wrapper.framework</string>
			<key>name</key>
			<string>CoreData.framework</string>
			<key>path</key>
			<string>System/Library/Frameworks/CoreData.framework</string>
			<key>sourceTree</key>
			<string>SDKROOT</string>
		</dict>
		<key>1441566F18208ADF00ABDED9</key>
		<dict>
			<key>fileRef</key>
			<string>1441566E18208ADF00ABDED9</string>
			<key>isa</key>
			<string>PBXBuildFile</string>
		</dict>
		<key>1441567018208AE400ABDED9</key>
		<dict>
			<key>isa</key>
			<string>PBXFileReference</string>
			<key>lastKnownFileType</key>
			<string>wrapper.framework</string>
			<key>name</key>
			<string>CoreText.framework</string>
			<key>path</key>
			<string>System/Library/Frameworks/CoreText.framework</string>
			<key>sourceTree</key>
			<string>SDKROOT</string>
		</dict>
		<key>1441567118208AE400ABDED9</key>
		<dict>
			<key>fileRef</key>
			<string>1441567018208AE400ABDED9</string>
			<key>isa</key>
			<string>PBXBuildFile</string>
		</dict>
		<key>1441567218208AF200ABDED9</key>
		<dict>
			<key>isa</key>
			<string>PBXFileReference</string>
			<key>lastKnownFileType</key>
			<string>wrapper.framework</string>
			<key>name</key>
			<string>GLKit.framework</string>
			<key>path</key>
			<string>System/Library/Frameworks/GLKit.framework</string>
			<key>sourceTree</key>
			<string>SDKROOT</string>
		</dict>
		<key>1441567418208AFB00ABDED9</key>
		<dict>
			<key>isa</key>
			<string>PBXFileReference</string>
			<key>lastKnownFileType</key>
			<string>wrapper.framework</string>
			<key>name</key>
			<string>ImageIO.framework</string>
			<key>path</key>
			<string>System/Library/Frameworks/ImageIO.framework</string>
			<key>sourceTree</key>
			<string>SDKROOT</string>
		</dict>
		<key>1441567618208B0900ABDED9</key>
		<dict>
			<key>isa</key>
			<string>PBXFileReference</string>
			<key>lastKnownFileType</key>
			<string>wrapper.framework</string>
			<key>name</key>
			<string>OpenGLES.framework</string>
			<key>path</key>
			<string>System/Library/Frameworks/OpenGLES.framework</string>
			<key>sourceTree</key>
			<string>SDKROOT</string>
		</dict>
		<key>1441567818208B1A00ABDED9</key>
		<dict>
			<key>isa</key>
			<string>PBXFileReference</string>
			<key>lastKnownFileType</key>
			<string>wrapper.framework</string>
			<key>name</key>
			<string>QuartzCore.framework</string>
			<key>path</key>
			<string>System/Library/Frameworks/QuartzCore.framework</string>
			<key>sourceTree</key>
			<string>SDKROOT</string>
		</dict>
		<key>1441567A18208B3600ABDED9</key>
		<dict>
			<key>isa</key>
			<string>PBXFileReference</string>
			<key>lastKnownFileType</key>
			<string>wrapper.framework</string>
			<key>name</key>
			<string>SystemConfiguration.framework</string>
			<key>path</key>
			<string>System/Library/Frameworks/SystemConfiguration.framework</string>
			<key>sourceTree</key>
			<string>SDKROOT</string>
		</dict>
		<key>1441567B18208B3700ABDED9</key>
		<dict>
			<key>fileRef</key>
			<string>1441567A18208B3600ABDED9</string>
			<key>isa</key>
			<string>PBXBuildFile</string>
		</dict>
		<key>1441567C18208B6800ABDED9</key>
		<dict>
			<key>isa</key>
			<string>PBXFileReference</string>
			<key>lastKnownFileType</key>
			<string>compiled.mach-o.dylib</string>
			<key>name</key>
			<string>libz.1.2.5.dylib</string>
			<key>path</key>
			<string>usr/lib/libz.1.2.5.dylib</string>
			<key>sourceTree</key>
			<string>SDKROOT</string>
		</dict>
		<key>1441567E18208B7800ABDED9</key>
		<dict>
			<key>isa</key>
			<string>PBXFileReference</string>
			<key>lastKnownFileType</key>
			<string>compiled.mach-o.dylib</string>
			<key>name</key>
			<string>libicucore.A.dylib</string>
			<key>path</key>
			<string>usr/lib/libicucore.A.dylib</string>
			<key>sourceTree</key>
			<string>SDKROOT</string>
		</dict>
		<key>1441567F18208B7800ABDED9</key>
		<dict>
			<key>isa</key>
			<string>PBXFileReference</string>
			<key>lastKnownFileType</key>
			<string>compiled.mach-o.dylib</string>
			<key>name</key>
			<string>libicucore.dylib</string>
			<key>path</key>
			<string>usr/lib/libicucore.dylib</string>
			<key>sourceTree</key>
			<string>SDKROOT</string>
		</dict>
		<key>1441568218208B8A00ABDED9</key>
		<dict>
			<key>isa</key>
			<string>PBXFileReference</string>
			<key>lastKnownFileType</key>
			<string>compiled.mach-o.dylib</string>
			<key>name</key>
			<string>libc++.dylib</string>
			<key>path</key>
			<string>usr/lib/libc++.dylib</string>
			<key>sourceTree</key>
			<string>SDKROOT</string>
		</dict>
		<key>1441568418208B9400ABDED9</key>
		<dict>
			<key>isa</key>
			<string>PBXFileReference</string>
			<key>lastKnownFileType</key>
			<string>compiled.mach-o.dylib</string>
			<key>name</key>
			<string>libz.dylib</string>
			<key>path</key>
			<string>usr/lib/libz.dylib</string>
			<key>sourceTree</key>
			<string>SDKROOT</string>
		</dict>
		<key>144F69B0191F6D35000F81F1</key>
		<dict>
			<key>fileRef</key>
			<string>1441567818208B1A00ABDED9</string>
			<key>isa</key>
			<string>PBXBuildFile</string>
		</dict>
		<key>144F69B4191F8991000F81F1</key>
		<dict>
			<key>isa</key>
			<string>PBXFileReference</string>
			<key>lastKnownFileType</key>
			<string>archive.ar</string>
			<key>path</key>
			<string>libGoogleAnalyticsServices.a</string>
			<key>sourceTree</key>
			<string>&lt;group&gt;</string>
		</dict>
		<key>144F69B8191F8991000F81F1</key>
		<dict>
			<key>fileRef</key>
			<string>144F69B4191F8991000F81F1</string>
			<key>isa</key>
			<string>PBXBuildFile</string>
		</dict>
		<key>144F69B919200208000F81F1</key>
		<dict>
			<key>isa</key>
			<string>PBXFileReference</string>
			<key>lastKnownFileType</key>
			<string>sourcecode.c.h</string>
			<key>path</key>
			<string>GAI.h</string>
			<key>sourceTree</key>
			<string>&lt;group&gt;</string>
		</dict>
		<key>144F69BA19200228000F81F1</key>
		<dict>
			<key>isa</key>
			<string>PBXFileReference</string>
			<key>lastKnownFileType</key>
			<string>sourcecode.c.h</string>
			<key>path</key>
			<string>GAIDictionaryBuilder.h</string>
			<key>sourceTree</key>
			<string>&lt;group&gt;</string>
		</dict>
		<key>144F69BB19200228000F81F1</key>
		<dict>
			<key>isa</key>
			<string>PBXFileReference</string>
			<key>lastKnownFileType</key>
			<string>sourcecode.c.h</string>
			<key>path</key>
			<string>GAIFields.h</string>
			<key>sourceTree</key>
			<string>&lt;group&gt;</string>
		</dict>
		<key>144F69BC19200228000F81F1</key>
		<dict>
			<key>isa</key>
			<string>PBXFileReference</string>
			<key>lastKnownFileType</key>
			<string>sourcecode.c.h</string>
			<key>path</key>
			<string>GAILogger.h</string>
			<key>sourceTree</key>
			<string>&lt;group&gt;</string>
		</dict>
		<key>144F69BD19200228000F81F1</key>
		<dict>
			<key>isa</key>
			<string>PBXFileReference</string>
			<key>lastKnownFileType</key>
			<string>sourcecode.c.h</string>
			<key>path</key>
			<string>GAITrackedViewController.h</string>
			<key>sourceTree</key>
			<string>&lt;group&gt;</string>
		</dict>
		<key>144F69BE19200228000F81F1</key>
		<dict>
			<key>isa</key>
			<string>PBXFileReference</string>
			<key>lastKnownFileType</key>
			<string>sourcecode.c.h</string>
			<key>path</key>
			<string>GAITracker.h</string>
			<key>sourceTree</key>
			<string>&lt;group&gt;</string>
		</dict>
		<key>144F69BF1920025A000F81F1</key>
		<dict>
			<key>fileRef</key>
			<string>1441568418208B9400ABDED9</string>
			<key>isa</key>
			<string>PBXBuildFile</string>
		</dict>
		<key>144F69C019200261000F81F1</key>
		<dict>
			<key>isa</key>
			<string>PBXFileReference</string>
			<key>lastKnownFileType</key>
			<string>wrapper.framework</string>
			<key>name</key>
			<string>AdSupport.framework</string>
			<key>path</key>
			<string>System/Library/Frameworks/AdSupport.framework</string>
			<key>sourceTree</key>
			<string>SDKROOT</string>
		</dict>
		<key>144F69C119200261000F81F1</key>
		<dict>
			<key>fileRef</key>
			<string>144F69C019200261000F81F1</string>
			<key>isa</key>
			<string>PBXBuildFile</string>
		</dict>
		<key>144F69C219202FA6000F81F1</key>
		<dict>
			<key>isa</key>
			<string>PBXFileReference</string>
			<key>lastKnownFileType</key>
			<string>compiled.mach-o.dylib</string>
			<key>name</key>
			<string>libsqlite3.0.dylib</string>
			<key>path</key>
			<string>usr/lib/libsqlite3.0.dylib</string>
			<key>sourceTree</key>
			<string>SDKROOT</string>
		</dict>
		<key>144F69C319202FA6000F81F1</key>
		<dict>
			<key>isa</key>
			<string>PBXFileReference</string>
			<key>lastKnownFileType</key>
			<string>compiled.mach-o.dylib</string>
			<key>name</key>
			<string>libsqlite3.dylib</string>
			<key>path</key>
			<string>usr/lib/libsqlite3.dylib</string>
			<key>sourceTree</key>
			<string>SDKROOT</string>
		</dict>
		<key>144F69C419202FA6000F81F1</key>
		<dict>
			<key>fileRef</key>
			<string>144F69C219202FA6000F81F1</string>
			<key>isa</key>
			<string>PBXBuildFile</string>
		</dict>
		<key>144F69C519202FA6000F81F1</key>
		<dict>
			<key>fileRef</key>
			<string>144F69C319202FA6000F81F1</string>
			<key>isa</key>
			<string>PBXBuildFile</string>
		</dict>
		<key>1473663717F5410B00F91B27</key>
		<dict>
			<key>isa</key>
			<string>PBXFileReference</string>
			<key>lastKnownFileType</key>
			<string>wrapper.framework</string>
			<key>name</key>
			<string>CoreLocation.framework</string>
			<key>path</key>
			<string>System/Library/Frameworks/CoreLocation.framework</string>
			<key>sourceTree</key>
			<string>SDKROOT</string>
		</dict>
		<key>1473663817F5410B00F91B27</key>
		<dict>
			<key>fileRef</key>
			<string>1473663717F5410B00F91B27</string>
			<key>isa</key>
			<string>PBXBuildFile</string>
		</dict>
		<key>1473663917F6049D00F91B27</key>
		<dict>
			<key>isa</key>
			<string>PBXFileReference</string>
			<key>lastKnownFileType</key>
			<string>image.png</string>
			<key>name</key>
			<string>bro.png</string>
			<key>path</key>
			<string>Images.xcassets/bro.png</string>
			<key>sourceTree</key>
			<string>&lt;group&gt;</string>
		</dict>
		<key>1473663A17F6049D00F91B27</key>
		<dict>
			<key>isa</key>
			<string>PBXFileReference</string>
			<key>lastKnownFileType</key>
			<string>image.png</string>
			<key>name</key>
			<string>Icon-60.png</string>
			<key>path</key>
			<string>Images.xcassets/Icon-60.png</string>
			<key>sourceTree</key>
			<string>&lt;group&gt;</string>
		</dict>
		<key>1473663B17F6049D00F91B27</key>
		<dict>
			<key>isa</key>
			<string>PBXFileReference</string>
			<key>lastKnownFileType</key>
			<string>image.png</string>
			<key>name</key>
			<string>Icon-60@2x.png</string>
			<key>path</key>
			<string>Images.xcassets/Icon-60@2x.png</string>
			<key>sourceTree</key>
			<string>&lt;group&gt;</string>
		</dict>
		<key>1473663C17F6049D00F91B27</key>
		<dict>
			<key>isa</key>
			<string>PBXFileReference</string>
			<key>lastKnownFileType</key>
			<string>image.png</string>
			<key>name</key>
			<string>Icon-72.png</string>
			<key>path</key>
			<string>Images.xcassets/Icon-72.png</string>
			<key>sourceTree</key>
			<string>&lt;group&gt;</string>
		</dict>
		<key>1473663D17F6049D00F91B27</key>
		<dict>
			<key>isa</key>
			<string>PBXFileReference</string>
			<key>lastKnownFileType</key>
			<string>image.png</string>
			<key>name</key>
			<string>Icon-72@2x.png</string>
			<key>path</key>
			<string>Images.xcassets/Icon-72@2x.png</string>
			<key>sourceTree</key>
			<string>&lt;group&gt;</string>
		</dict>
		<key>1473663E17F6049D00F91B27</key>
		<dict>
			<key>isa</key>
			<string>PBXFileReference</string>
			<key>lastKnownFileType</key>
			<string>image.png</string>
			<key>name</key>
			<string>Icon-76.png</string>
			<key>path</key>
			<string>Images.xcassets/Icon-76.png</string>
			<key>sourceTree</key>
			<string>&lt;group&gt;</string>
		</dict>
		<key>1473663F17F6049D00F91B27</key>
		<dict>
			<key>isa</key>
			<string>PBXFileReference</string>
			<key>lastKnownFileType</key>
			<string>image.png</string>
			<key>name</key>
			<string>Icon-76@2x.png</string>
			<key>path</key>
			<string>Images.xcassets/Icon-76@2x.png</string>
			<key>sourceTree</key>
			<string>&lt;group&gt;</string>
		</dict>
		<key>1473664017F6049D00F91B27</key>
		<dict>
			<key>isa</key>
			<string>PBXFileReference</string>
			<key>lastKnownFileType</key>
			<string>image.png</string>
			<key>name</key>
			<string>Icon-Small-50.png</string>
			<key>path</key>
			<string>Images.xcassets/Icon-Small-50.png</string>
			<key>sourceTree</key>
			<string>&lt;group&gt;</string>
		</dict>
		<key>1473664117F6049D00F91B27</key>
		<dict>
			<key>isa</key>
			<string>PBXFileReference</string>
			<key>lastKnownFileType</key>
			<string>image.png</string>
			<key>name</key>
			<string>Icon-Small-50@2x.png</string>
			<key>path</key>
			<string>Images.xcassets/Icon-Small-50@2x.png</string>
			<key>sourceTree</key>
			<string>&lt;group&gt;</string>
		</dict>
		<key>1473664217F6049D00F91B27</key>
		<dict>
			<key>isa</key>
			<string>PBXFileReference</string>
			<key>lastKnownFileType</key>
			<string>image.png</string>
			<key>name</key>
			<string>Icon-Small.png</string>
			<key>path</key>
			<string>Images.xcassets/Icon-Small.png</string>
			<key>sourceTree</key>
			<string>&lt;group&gt;</string>
		</dict>
		<key>1473664317F6049D00F91B27</key>
		<dict>
			<key>isa</key>
			<string>PBXFileReference</string>
			<key>lastKnownFileType</key>
			<string>image.png</string>
			<key>name</key>
			<string>Icon-Small@2x.png</string>
			<key>path</key>
			<string>Images.xcassets/Icon-Small@2x.png</string>
			<key>sourceTree</key>
			<string>&lt;group&gt;</string>
		</dict>
		<key>1473664417F6049D00F91B27</key>
		<dict>
			<key>isa</key>
			<string>PBXFileReference</string>
			<key>lastKnownFileType</key>
			<string>image.png</string>
			<key>name</key>
			<string>Icon-Spotlight-40.png</string>
			<key>path</key>
			<string>Images.xcassets/Icon-Spotlight-40.png</string>
			<key>sourceTree</key>
			<string>&lt;group&gt;</string>
		</dict>
		<key>1473664517F6049D00F91B27</key>
		<dict>
			<key>isa</key>
			<string>PBXFileReference</string>
			<key>lastKnownFileType</key>
			<string>image.png</string>
			<key>name</key>
			<string>Icon-Spotlight-40@2x.png</string>
			<key>path</key>
			<string>Images.xcassets/Icon-Spotlight-40@2x.png</string>
			<key>sourceTree</key>
			<string>&lt;group&gt;</string>
		</dict>
		<key>1473664617F6049D00F91B27</key>
		<dict>
			<key>isa</key>
			<string>PBXFileReference</string>
			<key>lastKnownFileType</key>
			<string>image.png</string>
			<key>name</key>
			<string>Icon.png</string>
			<key>path</key>
			<string>Images.xcassets/Icon.png</string>
			<key>sourceTree</key>
			<string>&lt;group&gt;</string>
		</dict>
		<key>1473664717F6049D00F91B27</key>
		<dict>
			<key>isa</key>
			<string>PBXFileReference</string>
			<key>lastKnownFileType</key>
			<string>image.png</string>
			<key>name</key>
			<string>Icon@2x.png</string>
			<key>path</key>
			<string>Images.xcassets/Icon@2x.png</string>
			<key>sourceTree</key>
			<string>&lt;group&gt;</string>
		</dict>
		<key>1473664817F6049D00F91B27</key>
		<dict>
			<key>isa</key>
			<string>PBXFileReference</string>
			<key>lastKnownFileType</key>
			<string>file</string>
			<key>name</key>
			<string>iTunesArtwork</string>
			<key>path</key>
			<string>Images.xcassets/iTunesArtwork</string>
			<key>sourceTree</key>
			<string>&lt;group&gt;</string>
		</dict>
		<key>1473664917F6049D00F91B27</key>
		<dict>
			<key>isa</key>
			<string>PBXFileReference</string>
			<key>lastKnownFileType</key>
			<string>file</string>
			<key>name</key>
			<string>iTunesArtwork@2x</string>
			<key>path</key>
			<string>Images.xcassets/iTunesArtwork@2x</string>
			<key>sourceTree</key>
			<string>&lt;group&gt;</string>
		</dict>
		<key>1473664A17F6049D00F91B27</key>
		<dict>
			<key>fileRef</key>
			<string>1473663917F6049D00F91B27</string>
			<key>isa</key>
			<string>PBXBuildFile</string>
		</dict>
		<key>1473664B17F6049D00F91B27</key>
		<dict>
			<key>fileRef</key>
			<string>1473663A17F6049D00F91B27</string>
			<key>isa</key>
			<string>PBXBuildFile</string>
		</dict>
		<key>1473664C17F6049D00F91B27</key>
		<dict>
			<key>fileRef</key>
			<string>1473663B17F6049D00F91B27</string>
			<key>isa</key>
			<string>PBXBuildFile</string>
		</dict>
		<key>1473664D17F6049D00F91B27</key>
		<dict>
			<key>fileRef</key>
			<string>1473663C17F6049D00F91B27</string>
			<key>isa</key>
			<string>PBXBuildFile</string>
		</dict>
		<key>1473664E17F6049D00F91B27</key>
		<dict>
			<key>fileRef</key>
			<string>1473663D17F6049D00F91B27</string>
			<key>isa</key>
			<string>PBXBuildFile</string>
		</dict>
		<key>1473664F17F6049D00F91B27</key>
		<dict>
			<key>fileRef</key>
			<string>1473663E17F6049D00F91B27</string>
			<key>isa</key>
			<string>PBXBuildFile</string>
		</dict>
		<key>1473665017F6049D00F91B27</key>
		<dict>
			<key>fileRef</key>
			<string>1473663F17F6049D00F91B27</string>
			<key>isa</key>
			<string>PBXBuildFile</string>
		</dict>
		<key>1473665117F6049D00F91B27</key>
		<dict>
			<key>fileRef</key>
			<string>1473664017F6049D00F91B27</string>
			<key>isa</key>
			<string>PBXBuildFile</string>
		</dict>
		<key>1473665217F6049D00F91B27</key>
		<dict>
			<key>fileRef</key>
			<string>1473664117F6049D00F91B27</string>
			<key>isa</key>
			<string>PBXBuildFile</string>
		</dict>
		<key>1473665317F6049D00F91B27</key>
		<dict>
			<key>fileRef</key>
			<string>1473664217F6049D00F91B27</string>
			<key>isa</key>
			<string>PBXBuildFile</string>
		</dict>
		<key>1473665417F6049D00F91B27</key>
		<dict>
			<key>fileRef</key>
			<string>1473664317F6049D00F91B27</string>
			<key>isa</key>
			<string>PBXBuildFile</string>
		</dict>
		<key>1473665517F6049D00F91B27</key>
		<dict>
			<key>fileRef</key>
			<string>1473664417F6049D00F91B27</string>
			<key>isa</key>
			<string>PBXBuildFile</string>
		</dict>
		<key>1473665617F6049D00F91B27</key>
		<dict>
			<key>fileRef</key>
			<string>1473664517F6049D00F91B27</string>
			<key>isa</key>
			<string>PBXBuildFile</string>
		</dict>
		<key>1473665717F6049D00F91B27</key>
		<dict>
			<key>fileRef</key>
			<string>1473664617F6049D00F91B27</string>
			<key>isa</key>
			<string>PBXBuildFile</string>
		</dict>
		<key>1473665817F6049D00F91B27</key>
		<dict>
			<key>fileRef</key>
			<string>1473664717F6049D00F91B27</string>
			<key>isa</key>
			<string>PBXBuildFile</string>
		</dict>
		<key>1473665917F6049D00F91B27</key>
		<dict>
			<key>fileRef</key>
			<string>1473664817F6049D00F91B27</string>
			<key>isa</key>
			<string>PBXBuildFile</string>
		</dict>
		<key>1473665A17F6049D00F91B27</key>
		<dict>
			<key>fileRef</key>
			<string>1473664917F6049D00F91B27</string>
			<key>isa</key>
			<string>PBXBuildFile</string>
		</dict>
		<key>1473665B17F6058B00F91B27</key>
		<dict>
			<key>isa</key>
			<string>PBXFileReference</string>
			<key>lastKnownFileType</key>
			<string>folder.assetcatalog</string>
			<key>path</key>
			<string>Images.xcassets</string>
			<key>sourceTree</key>
			<string>&lt;group&gt;</string>
		</dict>
		<key>1473665C17F6058B00F91B27</key>
		<dict>
			<key>fileRef</key>
			<string>1473665B17F6058B00F91B27</string>
			<key>isa</key>
			<string>PBXBuildFile</string>
		</dict>
		<key>1473665D17F60BE300F91B27</key>
		<dict>
			<key>isa</key>
			<string>PBXFileReference</string>
			<key>lastKnownFileType</key>
			<string>image.png</string>
			<key>path</key>
			<string>BroLaunchImage.png</string>
			<key>sourceTree</key>
			<string>&lt;group&gt;</string>
		</dict>
		<key>1473665E17F60BE300F91B27</key>
		<dict>
			<key>fileRef</key>
			<string>1473665D17F60BE300F91B27</string>
			<key>isa</key>
			<string>PBXBuildFile</string>
		</dict>
		<key>147DF1691917056B004855B2</key>
		<dict>
			<key>fileEncoding</key>
			<string>4</string>
			<key>isa</key>
			<string>PBXFileReference</string>
			<key>lastKnownFileType</key>
			<string>sourcecode.c.h</string>
			<key>path</key>
			<string>GBCache.h</string>
			<key>sourceTree</key>
			<string>&lt;group&gt;</string>
		</dict>
		<key>147DF16A1917056B004855B2</key>
		<dict>
			<key>fileEncoding</key>
			<string>4</string>
			<key>isa</key>
			<string>PBXFileReference</string>
			<key>lastKnownFileType</key>
			<string>sourcecode.c.objc</string>
			<key>path</key>
			<string>GBCache.m</string>
			<key>sourceTree</key>
			<string>&lt;group&gt;</string>
		</dict>
		<key>147DF16B1917056B004855B2</key>
		<dict>
			<key>fileRef</key>
			<string>147DF16A1917056B004855B2</string>
			<key>isa</key>
			<string>PBXBuildFile</string>
		</dict>
		<key>1496B9371923F849000793E9</key>
		<dict>
			<key>fileEncoding</key>
			<string>4</string>
			<key>isa</key>
			<string>PBXFileReference</string>
			<key>lastKnownFileType</key>
			<string>sourcecode.c.h</string>
			<key>path</key>
			<string>UIERealTimeBlurView.h</string>
			<key>sourceTree</key>
			<string>&lt;group&gt;</string>
		</dict>
		<key>1496B9381923F849000793E9</key>
		<dict>
			<key>fileEncoding</key>
			<string>4</string>
			<key>isa</key>
			<string>PBXFileReference</string>
			<key>lastKnownFileType</key>
			<string>sourcecode.c.objc</string>
			<key>path</key>
			<string>UIERealTimeBlurView.m</string>
			<key>sourceTree</key>
			<string>&lt;group&gt;</string>
		</dict>
		<key>1496B9391923F849000793E9</key>
		<dict>
			<key>fileEncoding</key>
			<string>4</string>
			<key>isa</key>
			<string>PBXFileReference</string>
			<key>lastKnownFileType</key>
			<string>sourcecode.c.h</string>
			<key>path</key>
			<string>UIImage+BoxBlur.h</string>
			<key>sourceTree</key>
			<string>&lt;group&gt;</string>
		</dict>
		<key>1496B93A1923F849000793E9</key>
		<dict>
			<key>fileEncoding</key>
			<string>4</string>
			<key>isa</key>
			<string>PBXFileReference</string>
			<key>lastKnownFileType</key>
			<string>sourcecode.c.objc</string>
			<key>path</key>
			<string>UIImage+BoxBlur.m</string>
			<key>sourceTree</key>
			<string>&lt;group&gt;</string>
		</dict>
		<key>1496B93B1923F849000793E9</key>
		<dict>
			<key>fileRef</key>
			<string>1496B9381923F849000793E9</string>
			<key>isa</key>
			<string>PBXBuildFile</string>
		</dict>
		<key>1496B93C1923F849000793E9</key>
		<dict>
			<key>fileRef</key>
			<string>1496B93A1923F849000793E9</string>
			<key>isa</key>
			<string>PBXBuildFile</string>
		</dict>
		<key>14BC9B05191AC5D60028CB4B</key>
		<dict>
			<key>fileEncoding</key>
			<string>4</string>
			<key>isa</key>
			<string>PBXFileReference</string>
			<key>lastKnownFileType</key>
			<string>sourcecode.c.objc</string>
			<key>path</key>
			<string>GBAnnotation.m</string>
			<key>sourceTree</key>
			<string>&lt;group&gt;</string>
		</dict>
		<key>14BC9B06191AC5D60028CB4B</key>
		<dict>
			<key>fileRef</key>
			<string>14BC9B05191AC5D60028CB4B</string>
			<key>isa</key>
			<string>PBXBuildFile</string>
		</dict>
		<key>14BC9B14191AD3AA0028CB4B</key>
		<dict>
			<key>fileEncoding</key>
			<string>4</string>
			<key>isa</key>
			<string>PBXFileReference</string>
			<key>lastKnownFileType</key>
			<string>sourcecode.c.h</string>
			<key>path</key>
			<string>GBStartAnnotation.h</string>
			<key>sourceTree</key>
			<string>&lt;group&gt;</string>
		</dict>
		<key>14BC9B15191AD3AA0028CB4B</key>
		<dict>
			<key>fileEncoding</key>
			<string>4</string>
			<key>isa</key>
			<string>PBXFileReference</string>
			<key>lastKnownFileType</key>
			<string>sourcecode.c.objc</string>
			<key>path</key>
			<string>GBStartAnnotation.m</string>
			<key>sourceTree</key>
			<string>&lt;group&gt;</string>
		</dict>
		<key>14BC9B16191AD3AA0028CB4B</key>
		<dict>
			<key>fileRef</key>
			<string>14BC9B15191AD3AA0028CB4B</string>
			<key>isa</key>
			<string>PBXBuildFile</string>
		</dict>
		<key>14BC9B17191AD3D30028CB4B</key>
		<dict>
			<key>fileEncoding</key>
			<string>4</string>
			<key>isa</key>
			<string>PBXFileReference</string>
			<key>lastKnownFileType</key>
			<string>sourcecode.c.h</string>
			<key>path</key>
			<string>GBEndAnnotation.h</string>
			<key>sourceTree</key>
			<string>&lt;group&gt;</string>
		</dict>
		<key>14BC9B18191AD3D30028CB4B</key>
		<dict>
			<key>fileEncoding</key>
			<string>4</string>
			<key>isa</key>
			<string>PBXFileReference</string>
			<key>lastKnownFileType</key>
			<string>sourcecode.c.objc</string>
			<key>path</key>
			<string>GBEndAnnotation.m</string>
			<key>sourceTree</key>
			<string>&lt;group&gt;</string>
		</dict>
		<key>14BC9B19191AD3D30028CB4B</key>
		<dict>
			<key>fileRef</key>
			<string>14BC9B18191AD3D30028CB4B</string>
			<key>isa</key>
			<string>PBXBuildFile</string>
		</dict>
		<key>14E6BAC319C5758400D90EFF</key>
		<dict>
			<key>isa</key>
			<string>PBXFileReference</string>
			<key>lastKnownFileType</key>
			<string>image.png</string>
			<key>path</key>
			<string>man_person_mens_room.png</string>
			<key>sourceTree</key>
			<string>&lt;group&gt;</string>
		</dict>
		<key>14E6BAC419C5758400D90EFF</key>
		<dict>
			<key>fileRef</key>
			<string>14E6BAC319C5758400D90EFF</string>
			<key>isa</key>
			<string>PBXBuildFile</string>
		</dict>
		<key>14F3BDD3191CC73D00F170BB</key>
		<dict>
			<key>fileEncoding</key>
			<string>4</string>
			<key>isa</key>
			<string>PBXFileReference</string>
			<key>lastKnownFileType</key>
			<string>sourcecode.c.h</string>
			<key>path</key>
			<string>GBRoundTripSwitch.h</string>
			<key>sourceTree</key>
			<string>&lt;group&gt;</string>
		</dict>
		<key>14F3BDD4191CC73D00F170BB</key>
		<dict>
			<key>fileEncoding</key>
			<string>4</string>
			<key>isa</key>
			<string>PBXFileReference</string>
			<key>lastKnownFileType</key>
			<string>sourcecode.c.objc</string>
			<key>path</key>
			<string>GBRoundTripSwitch.m</string>
			<key>sourceTree</key>
			<string>&lt;group&gt;</string>
		</dict>
		<key>14F3BDD5191CC73D00F170BB</key>
		<dict>
			<key>fileRef</key>
			<string>14F3BDD4191CC73D00F170BB</string>
			<key>isa</key>
			<string>PBXBuildFile</string>
		</dict>
		<key>14F3BDD6191CD71B00F170BB</key>
		<dict>
			<key>fileEncoding</key>
			<string>4</string>
			<key>isa</key>
			<string>PBXFileReference</string>
			<key>lastKnownFileType</key>
			<string>sourcecode.c.h</string>
			<key>path</key>
			<string>GBCurrentLocation.h</string>
			<key>sourceTree</key>
			<string>&lt;group&gt;</string>
		</dict>
		<key>14F3BDD7191CD71B00F170BB</key>
		<dict>
			<key>fileEncoding</key>
			<string>4</string>
			<key>isa</key>
			<string>PBXFileReference</string>
			<key>lastKnownFileType</key>
			<string>sourcecode.c.objc</string>
			<key>path</key>
			<string>GBCurrentLocation.m</string>
			<key>sourceTree</key>
			<string>&lt;group&gt;</string>
		</dict>
		<key>14F3BDD8191CD71B00F170BB</key>
		<dict>
			<key>fileRef</key>
			<string>14F3BDD7191CD71B00F170BB</string>
			<key>isa</key>
			<string>PBXBuildFile</string>
		</dict>
		<key>1E390E7559414C28B972E98A</key>
		<dict>
			<key>fileRef</key>
			<string>EBBA088983CF416DA046EFB5</string>
			<key>isa</key>
			<string>PBXBuildFile</string>
		</dict>
		<key>3316A7414F9E4A2EB4D882A8</key>
		<dict>
			<key>buildActionMask</key>
			<string>2147483647</string>
			<key>files</key>
			<array/>
			<key>inputPaths</key>
			<array/>
			<key>isa</key>
			<string>PBXShellScriptBuildPhase</string>
			<key>name</key>
			<string>Check Pods Manifest.lock</string>
			<key>outputPaths</key>
			<array/>
			<key>runOnlyForDeploymentPostprocessing</key>
			<string>0</string>
			<key>shellPath</key>
			<string>/bin/sh</string>
			<key>shellScript</key>
			<string>diff "${PODS_ROOT}/../Podfile.lock" "${PODS_ROOT}/Manifest.lock" &gt; /dev/null
if [[ $? != 0 ]] ; then
    cat &lt;&lt; EOM
error: The sandbox is not in sync with the Podfile.lock. Run 'pod install' or update your CocoaPods installation.
EOM
    exit 1
fi
</string>
			<key>showEnvVarsInLog</key>
			<string>0</string>
		</dict>
		<key>7524189B56DD45EDAE4E8BDE</key>
		<dict>
			<key>buildActionMask</key>
			<string>2147483647</string>
			<key>files</key>
			<array/>
			<key>inputPaths</key>
			<array/>
			<key>isa</key>
			<string>PBXShellScriptBuildPhase</string>
			<key>name</key>
			<string>Copy Pods Resources</string>
			<key>outputPaths</key>
			<array/>
			<key>runOnlyForDeploymentPostprocessing</key>
			<string>0</string>
			<key>shellPath</key>
			<string>/bin/sh</string>
			<key>shellScript</key>
			<string>"${SRCROOT}/Pods/Pods-resources.sh"
</string>
			<key>showEnvVarsInLog</key>
			<string>0</string>
		</dict>
		<key>EBBA088983CF416DA046EFB5</key>
		<dict>
			<key>explicitFileType</key>
			<string>archive.ar</string>
			<key>includeInIndex</key>
			<string>0</string>
			<key>isa</key>
			<string>PBXFileReference</string>
			<key>path</key>
			<string>libPods.a</string>
			<key>sourceTree</key>
			<string>BUILT_PRODUCTS_DIR</string>
		</dict>
	</dict>
	<key>rootObject</key>
	<string>141AF01717F53AD000E6B058</string>
</dict>
</plist>
